
Microsoft Visual Studio Solution File, Format Version 12.00
# Visual Studio Version 16
VisualStudioVersion = 16.0.30204.135
MinimumVisualStudioVersion = 10.0.40219.1
Project("{9A19103F-16F7-4668-BE54-9A1E7A4F7556}") = "ChinookApp", "ChinookApp\ChinookApp.csproj", "{A2A5A672-8C01-4E45-9B53-B7A321FDC749}"
EndProject
Project("{9A19103F-16F7-4668-BE54-9A1E7A4F7556}") = "ChinookApp.DataAccess", "ChinookApp.DataAccess\ChinookApp.DataAccess.csproj", "{B49EF1BF-929F-41EA-A01C-5D0AA2F0CF1A}"
EndProject
Global
	GlobalSection(SolutionConfigurationPlatforms) = preSolution
		Debug|Any CPU = Debug|Any CPU
		Release|Any CPU = Release|Any CPU
	EndGlobalSection
	GlobalSection(ProjectConfigurationPlatforms) = postSolution
		{A2A5A672-8C01-4E45-9B53-B7A321FDC749}.Debug|Any CPU.ActiveCfg = Debug|Any CPU
		{A2A5A672-8C01-4E45-9B53-B7A321FDC749}.Debug|Any CPU.Build.0 = Debug|Any CPU
		{A2A5A672-8C01-4E45-9B53-B7A321FDC749}.Release|Any CPU.ActiveCfg = Release|Any CPU
		{A2A5A672-8C01-4E45-9B53-B7A321FDC749}.Release|Any CPU.Build.0 = Release|Any CPU
		{B49EF1BF-929F-41EA-A01C-5D0AA2F0CF1A}.Debug|Any CPU.ActiveCfg = Debug|Any CPU
		{B49EF1BF-929F-41EA-A01C-5D0AA2F0CF1A}.Debug|Any CPU.Build.0 = Debug|Any CPU
		{B49EF1BF-929F-41EA-A01C-5D0AA2F0CF1A}.Release|Any CPU.ActiveCfg = Release|Any CPU
		{B49EF1BF-929F-41EA-A01C-5D0AA2F0CF1A}.Release|Any CPU.Build.0 = Release|Any CPU
	EndGlobalSection
	GlobalSection(SolutionProperties) = preSolution
		HideSolutionNode = FALSE
	EndGlobalSection
	GlobalSection(ExtensibilityGlobals) = postSolution
		SolutionGuid = {74464071-7916-4C7E-A5F2-A1CD302A6189}
	EndGlobalSection
EndGlobal
